// !$*UTF8*$!
{
	archiveVersion = 1;
	classes = {
	};
	objectVersion = 46;
	objects = {

/* Begin PBXBuildFile section */
		C5BD6CFF1DF579BB00D44F57 /* AppDelegate.swift in Sources */ = {isa = PBXBuildFile; fileRef = C5BD6CFE1DF579BB00D44F57 /* AppDelegate.swift */; };
		C5BD6D011DF579BB00D44F57 /* ViewController.swift in Sources */ = {isa = PBXBuildFile; fileRef = C5BD6D001DF579BB00D44F57 /* ViewController.swift */; };
		C5BD6D041DF579BB00D44F57 /* Main.storyboard in Resources */ = {isa = PBXBuildFile; fileRef = C5BD6D021DF579BB00D44F57 /* Main.storyboard */; };
		C5BD6D061DF579BB00D44F57 /* Assets.xcassets in Resources */ = {isa = PBXBuildFile; fileRef = C5BD6D051DF579BB00D44F57 /* Assets.xcassets */; };
		C5BD6D091DF579BB00D44F57 /* LaunchScreen.storyboard in Resources */ = {isa = PBXBuildFile; fileRef = C5BD6D071DF579BB00D44F57 /* LaunchScreen.storyboard */; };
		C5BD6D121DF57A5000D44F57 /* FloatingButton.swift in Sources */ = {isa = PBXBuildFile; fileRef = C5BD6D111DF57A5000D44F57 /* FloatingButton.swift */; };
/* End PBXBuildFile section */

/* Begin PBXFileReference section */
		C5BD6CFB1DF579BB00D44F57 /* Single-FloatingButton-Example.app */ = {isa = PBXFileReference; explicitFileType = wrapper.application; includeInIndex = 0; path = "Single-FloatingButton-Example.app"; sourceTree = BUILT_PRODUCTS_DIR; };
		C5BD6CFE1DF579BB00D44F57 /* AppDelegate.swift */ = {isa = PBXFileReference; lastKnownFileType = sourcecode.swift; path = AppDelegate.swift; sourceTree = "<group>"; };
		C5BD6D001DF579BB00D44F57 /* ViewController.swift */ = {isa = PBXFileReference; lastKnownFileType = sourcecode.swift; path = ViewController.swift; sourceTree = "<group>"; };
		C5BD6D031DF579BB00D44F57 /* Base */ = {isa = PBXFileReference; lastKnownFileType = file.storyboard; name = Base; path = Base.lproj/Main.storyboard; sourceTree = "<group>"; };
		C5BD6D051DF579BB00D44F57 /* Assets.xcassets */ = {isa = PBXFileReference; lastKnownFileType = folder.assetcatalog; path = Assets.xcassets; sourceTree = "<group>"; };
		C5BD6D081DF579BB00D44F57 /* Base */ = {isa = PBXFileReference; lastKnownFileType = file.storyboard; name = Base; path = Base.lproj/LaunchScreen.storyboard; sourceTree = "<group>"; };
		C5BD6D0A1DF579BB00D44F57 /* Info.plist */ = {isa = PBXFileReference; lastKnownFileType = text.plist.xml; path = Info.plist; sourceTree = "<group>"; };
		C5BD6D111DF57A5000D44F57 /* FloatingButton.swift */ = {isa = PBXFileReference; fileEncoding = 4; lastKnownFileType = sourcecode.swift; path = FloatingButton.swift; sourceTree = "<group>"; };
/* End PBXFileReference section */

/* Begin PBXFrameworksBuildPhase section */
		C5BD6CF81DF579BB00D44F57 /* Frameworks */ = {
			isa = PBXFrameworksBuildPhase;
			buildActionMask = 2147483647;
			files = (
			);
			runOnlyForDeploymentPostprocessing = 0;
		};
/* End PBXFrameworksBuildPhase section */

/* Begin PBXGroup section */
		C5BD6CF21DF579BB00D44F57 = {
			isa = PBXGroup;
			children = (
				C5BD6CFD1DF579BB00D44F57 /* Single-FloatingButton-Example */,
				C5BD6CFC1DF579BB00D44F57 /* Products */,
			);
			sourceTree = "<group>";
		};
		C5BD6CFC1DF579BB00D44F57 /* Products */ = {
			isa = PBXGroup;
			children = (
				C5BD6CFB1DF579BB00D44F57 /* Single-FloatingButton-Example.app */,
			);
			name = Products;
			sourceTree = "<group>";
		};
		C5BD6CFD1DF579BB00D44F57 /* Single-FloatingButton-Example */ = {
			isa = PBXGroup;
			children = (
				C5BD6D101DF57A0D00D44F57 /* FloatingButton */,
				C5BD6CFE1DF579BB00D44F57 /* AppDelegate.swift */,
				C5BD6D001DF579BB00D44F57 /* ViewController.swift */,
				C5BD6D021DF579BB00D44F57 /* Main.storyboard */,
				C5BD6D051DF579BB00D44F57 /* Assets.xcassets */,
				C5BD6D071DF579BB00D44F57 /* LaunchScreen.storyboard */,
				C5BD6D0A1DF579BB00D44F57 /* Info.plist */,
			);
			path = "Single-FloatingButton-Example";
			sourceTree = "<group>";
		};
		C5BD6D101DF57A0D00D44F57 /* FloatingButton */ = {
			isa = PBXGroup;
			children = (
				C5BD6D111DF57A5000D44F57 /* FloatingButton.swift */,
			);
			path = FloatingButton;
			sourceTree = "<group>";
		};
/* End PBXGroup section */

/* Begin PBXNativeTarget section */
		C5BD6CFA1DF579BB00D44F57 /* Single-FloatingButton-Example */ = {
			isa = PBXNativeTarget;
			buildConfigurationList = C5BD6D0D1DF579BB00D44F57 /* Build configuration list for PBXNativeTarget "Single-FloatingButton-Example" */;
			buildPhases = (
				C5BD6CF71DF579BB00D44F57 /* Sources */,
				C5BD6CF81DF579BB00D44F57 /* Frameworks */,
				C5BD6CF91DF579BB00D44F57 /* Resources */,
			);
			buildRules = (
			);
			dependencies = (
			);
			name = "Single-FloatingButton-Example";
			productName = "Single-FloatingButton-Example";
			productReference = C5BD6CFB1DF579BB00D44F57 /* Single-FloatingButton-Example.app */;
			productType = "com.apple.product-type.application";
		};
/* End PBXNativeTarget section */

/* Begin PBXProject section */
		C5BD6CF31DF579BB00D44F57 /* Project object */ = {
			isa = PBXProject;
			attributes = {
				LastSwiftUpdateCheck = 0810;
				LastUpgradeCheck = 0810;
				ORGANIZATIONNAME = "Carlos Martín";
				TargetAttributes = {
					C5BD6CFA1DF579BB00D44F57 = {
						CreatedOnToolsVersion = 8.1;
						DevelopmentTeam = YRTWAFKJ72;
						ProvisioningStyle = Automatic;
					};
				};
			};
			buildConfigurationList = C5BD6CF61DF579BB00D44F57 /* Build configuration list for PBXProject "Single-FloatingButton-Example" */;
			compatibilityVersion = "Xcode 3.2";
			developmentRegion = English;
			hasScannedForEncodings = 0;
			knownRegions = (
				en,
				Base,
			);
			mainGroup = C5BD6CF21DF579BB00D44F57;
			productRefGroup = C5BD6CFC1DF579BB00D44F57 /* Products */;
			projectDirPath = "";
			projectRoot = "";
			targets = (
				C5BD6CFA1DF579BB00D44F57 /* Single-FloatingButton-Example */,
			);
		};
/* End PBXProject section */

/* Begin PBXResourcesBuildPhase section */
		C5BD6CF91DF579BB00D44F57 /* Resources */ = {
			isa = PBXResourcesBuildPhase;
			buildActionMask = 2147483647;
			files = (
				C5BD6D091DF579BB00D44F57 /* LaunchScreen.storyboard in Resources */,
				C5BD6D061DF579BB00D44F57 /* Assets.xcassets in Resources */,
				C5BD6D041DF579BB00D44F57 /* Main.storyboard in Resources */,
			);
			runOnlyForDeploymentPostprocessing = 0;
		};
/* End PBXResourcesBuildPhase section */

/* Begin PBXSourcesBuildPhase section */
		C5BD6CF71DF579BB00D44F57 /* Sources */ = {
			isa = PBXSourcesBuildPhase;
			buildActionMask = 2147483647;
			files = (
				C5BD6D011DF579BB00D44F57 /* ViewController.swift in Sources */,
				C5BD6CFF1DF579BB00D44F57 /* AppDelegate.swift in Sources */,
				C5BD6D121DF57A5000D44F57 /* FloatingButton.swift in Sources */,
			);
			runOnlyForDeploymentPostprocessing = 0;
		};
/* End PBXSourcesBuildPhase section */

/* Begin PBXVariantGroup section */
		C5BD6D021DF579BB00D44F57 /* Main.storyboard */ = {
			isa = PBXVariantGroup;
			children = (
				C5BD6D031DF579BB00D44F57 /* Base */,
			);
			name = Main.storyboard;
			sourceTree = "<group>";
		};
		C5BD6D071DF579BB00D44F57 /* LaunchScreen.storyboard */ = {
			isa = PBXVariantGroup;
			children = (
				C5BD6D081DF579BB00D44F57 /* Base */,
			);
			name = LaunchScreen.storyboard;
			sourceTree = "<group>";
		};
/* End PBXVariantGroup section */

/* Begin XCBuildConfiguration section */
		C5BD6D0B1DF579BB00D44F57 /* Debug */ = {
			isa = XCBuildConfiguration;
			buildSettings = {
				ALWAYS_SEARCH_USER_PATHS = NO;
				CLANG_ANALYZER_NONNULL = YES;
				CLANG_CXX_LANGUAGE_STANDARD = "gnu++0x";
				CLANG_CXX_LIBRARY = "libc++";
				CLANG_ENABLE_MODULES = YES;
				CLANG_ENABLE_OBJC_ARC = YES;
				CLANG_WARN_BOOL_CONVERSION = YES;
				CLANG_WARN_CONSTANT_CONVERSION = YES;
				CLANG_WARN_DIRECT_OBJC_ISA_USAGE = YES_ERROR;
				CLANG_WARN_DOCUMENTATION_COMMENTS = YES;
				CLANG_WARN_EMPTY_BODY = YES;
				CLANG_WARN_ENUM_CONVERSION = YES;
				CLANG_WARN_INFINITE_RECURSION = YES;
				CLANG_WARN_INT_CONVERSION = YES;
				CLANG_WARN_OBJC_ROOT_CLASS = YES_ERROR;
				CLANG_WARN_SUSPICIOUS_MOVES = YES;
				CLANG_WARN_UNREACHABLE_CODE = YES;
				CLANG_WARN__DUPLICATE_METHOD_MATCH = YES;
				"CODE_SIGN_IDENTITY[sdk=iphoneos*]" = "iPhone Developer";
				COPY_PHASE_STRIP = NO;
				DEBUG_INFORMATION_FORMAT = dwarf;
				ENABLE_STRICT_OBJC_MSGSEND = YES;
				ENABLE_TESTABILITY = YES;
				GCC_C_LANGUAGE_STANDARD = gnu99;
				GCC_DYNAMIC_NO_PIC = NO;
				GCC_NO_COMMON_BLOCKS = YES;
				GCC_OPTIMIZATION_LEVEL = 0;
				GCC_PREPROCESSOR_DEFINITIONS = (
					"DEBUG=1",
					"$(inherited)",
				);
				GCC_WARN_64_TO_32_BIT_CONVERSION = YES;
				GCC_WARN_ABOUT_RETURN_TYPE = YES_ERROR;
				GCC_WARN_UNDECLARED_SELECTOR = YES;
				GCC_WARN_UNINITIALIZED_AUTOS = YES_AGGRESSIVE;
				GCC_WARN_UNUSED_FUNCTION = YES;
				GCC_WARN_UNUSED_VARIABLE = YES;
				IPHONEOS_DEPLOYMENT_TARGET = 10.1;
				MTL_ENABLE_DEBUG_INFO = YES;
				ONLY_ACTIVE_ARCH = YES;
				SDKROOT = iphoneos;
				SWIFT_ACTIVE_COMPILATION_CONDITIONS = DEBUG;
				SWIFT_OPTIMIZATION_LEVEL = "-Onone";
			};
			name = Debug;
		};
		C5BD6D0C1DF579BB00D44F57 /* Release */ = {
			isa = XCBuildConfiguration;
			buildSettings = {
				ALWAYS_SEARCH_USER_PATHS = NO;
				CLANG_ANALYZER_NONNULL = YES;
				CLANG_CXX_LANGUAGE_STANDARD = "gnu++0x";
				CLANG_CXX_LIBRARY = "libc++";
				CLANG_ENABLE_MODULES = YES;
				CLANG_ENABLE_OBJC_ARC = YES;
				CLANG_WARN_BOOL_CONVERSION = YES;
				CLANG_WARN_CONSTANT_CONVERSION = YES;
				CLANG_WARN_DIRECT_OBJC_ISA_USAGE = YES_ERROR;
				CLANG_WARN_DOCUMENTATION_COMMENTS = YES;
				CLANG_WARN_EMPTY_BODY = YES;
				CLANG_WARN_ENUM_CONVERSION = YES;
				CLANG_WARN_INFINITE_RECURSION = YES;
				CLANG_WARN_INT_CONVERSION = YES;
				CLANG_WARN_OBJC_ROOT_CLASS = YES_ERROR;
				CLANG_WARN_SUSPICIOUS_MOVES = YES;
				CLANG_WARN_UNREACHABLE_CODE = YES;
				CLANG_WARN__DUPLICATE_METHOD_MATCH = YES;
				"CODE_SIGN_IDENTITY[sdk=iphoneos*]" = "iPhone Developer";
				COPY_PHASE_STRIP = NO;
				DEBUG_INFORMATION_FORMAT = "dwarf-with-dsym";
				ENABLE_NS_ASSERTIONS = NO;
				ENABLE_STRICT_OBJC_MSGSEND = YES;
				GCC_C_LANGUAGE_STANDARD = gnu99;
				GCC_NO_COMMON_BLOCKS = YES;
				GCC_WARN_64_TO_32_BIT_CONVERSION = YES;
				GCC_WARN_ABOUT_RETURN_TYPE = YES_ERROR;
				GCC_WARN_UNDECLARED_SELECTOR = YES;
				GCC_WARN_UNINITIALIZED_AUTOS = YES_AGGRESSIVE;
				GCC_WARN_UNUSED_FUNCTION = YES;
				GCC_WARN_UNUSED_VARIABLE = YES;
				IPHONEOS_DEPLOYMENT_TARGET = 10.1;
				MTL_ENABLE_DEBUG_INFO = NO;
				SDKROOT = iphoneos;
				SWIFT_OPTIMIZATION_LEVEL = "-Owholemodule";
				VALIDATE_PRODUCT = YES;
			};
			name = Release;
		};
		C5BD6D0E1DF579BB00D44F57 /* Debug */ = {
			isa = XCBuildConfiguration;
			buildSettings = {
				ASSETCATALOG_COMPILER_APPICON_NAME = AppIcon;
				DEVELOPMENT_TEAM = YRTWAFKJ72;
				INFOPLIST_FILE = "Single-FloatingButton-Example/Info.plist";
				LD_RUNPATH_SEARCH_PATHS = "$(inherited) @executable_path/Frameworks";
				PRODUCT_BUNDLE_IDENTIFIER = "CarlosMartinAB.Single-FloatingButton-Example";
				PRODUCT_NAME = "$(TARGET_NAME)";
				SWIFT_VERSION = 3.0;
			};
			name = Debug;
		};
		C5BD6D0F1DF579BB00D44F57 /* Release */ = {
			isa = XCBuildConfiguration;
			buildSettings = {
				ASSETCATALOG_COMPILER_APPICON_NAME = AppIcon;
				DEVELOPMENT_TEAM = YRTWAFKJ72;
				INFOPLIST_FILE = "Single-FloatingButton-Example/Info.plist";
				LD_RUNPATH_SEARCH_PATHS = "$(inherited) @executable_path/Frameworks";
				PRODUCT_BUNDLE_IDENTIFIER = "CarlosMartinAB.Single-FloatingButton-Example";
				PRODUCT_NAME = "$(TARGET_NAME)";
				SWIFT_VERSION = 3.0;
			};
			name = Release;
		};
/* End XCBuildConfiguration section */

/* Begin XCConfigurationList section */
		C5BD6CF61DF579BB00D44F57 /* Build configuration list for PBXProject "Single-FloatingButton-Example" */ = {
			isa = XCConfigurationList;
			buildConfigurations = (
				C5BD6D0B1DF579BB00D44F57 /* Debug */,
				C5BD6D0C1DF579BB00D44F57 /* Release */,
			);
			defaultConfigurationIsVisible = 0;
			defaultConfigurationName = Release;
		};
		C5BD6D0D1DF579BB00D44F57 /* Build configuration list for PBXNativeTarget "Single-FloatingButton-Example" */ = {
			isa = XCConfigurationList;
			buildConfigurations = (
				C5BD6D0E1DF579BB00D44F57 /* Debug */,
				C5BD6D0F1DF579BB00D44F57 /* Release */,
			);
			defaultConfigurationIsVisible = 0;
		};
/* End XCConfigurationList section */
	};
	rootObject = C5BD6CF31DF579BB00D44F57 /* Project object */;
}
